
Microsoft Visual Studio Solution File, Format Version 12.00
# Visual Studio Version 17
VisualStudioVersion = 17.2.32516.85
MinimumVisualStudioVersion = 10.0.40219.1
Project("{9A19103F-16F7-4668-BE54-9A1E7A4F7556}") = "LittleThings.Server", "Server\LittleThings.Server.csproj", "{01530F58-ECBF-4481-986B-8548DFB8A96B}"
EndProject
Project("{9A19103F-16F7-4668-BE54-9A1E7A4F7556}") = "LittleThings.Client", "Client\LittleThings.Client.csproj", "{152731E0-0C27-47FA-9878-51D81AF2FB54}"
EndProject
Project("{9A19103F-16F7-4668-BE54-9A1E7A4F7556}") = "LittleThings.Shared", "Shared\LittleThings.Shared.csproj", "{C1521798-8549-4402-83AB-3B13C339AF1C}"
EndProject
Global
	GlobalSection(SolutionConfigurationPlatforms) = preSolution
		Debug|Any CPU = Debug|Any CPU
		Release|Any CPU = Release|Any CPU
	EndGlobalSection
	GlobalSection(ProjectConfigurationPlatforms) = postSolution
		{01530F58-ECBF-4481-986B-8548DFB8A96B}.Debug|Any CPU.ActiveCfg = Debug|Any CPU
		{01530F58-ECBF-4481-986B-8548DFB8A96B}.Debug|Any CPU.Build.0 = Debug|Any CPU
		{01530F58-ECBF-4481-986B-8548DFB8A96B}.Release|Any CPU.ActiveCfg = Release|Any CPU
		{01530F58-ECBF-4481-986B-8548DFB8A96B}.Release|Any CPU.Build.0 = Release|Any CPU
		{152731E0-0C27-47FA-9878-51D81AF2FB54}.Debug|Any CPU.ActiveCfg = Debug|Any CPU
		{152731E0-0C27-47FA-9878-51D81AF2FB54}.Debug|Any CPU.Build.0 = Debug|Any CPU
		{152731E0-0C27-47FA-9878-51D81AF2FB54}.Release|Any CPU.ActiveCfg = Release|Any CPU
		{152731E0-0C27-47FA-9878-51D81AF2FB54}.Release|Any CPU.Build.0 = Release|Any CPU
		{C1521798-8549-4402-83AB-3B13C339AF1C}.Debug|Any CPU.ActiveCfg = Debug|Any CPU
		{C1521798-8549-4402-83AB-3B13C339AF1C}.Debug|Any CPU.Build.0 = Debug|Any CPU
		{C1521798-8549-4402-83AB-3B13C339AF1C}.Release|Any CPU.ActiveCfg = Release|Any CPU
		{C1521798-8549-4402-83AB-3B13C339AF1C}.Release|Any CPU.Build.0 = Release|Any CPU
	EndGlobalSection
	GlobalSection(SolutionProperties) = preSolution
		HideSolutionNode = FALSE
	EndGlobalSection
	GlobalSection(ExtensibilityGlobals) = postSolution
		SolutionGuid = {7DF59EEB-2BBD-4745-8A54-40F257603791}
	EndGlobalSection
EndGlobal
